
Microsoft Visual Studio Solution File, Format Version 12.00
# Visual Studio 2013
VisualStudioVersion = 12.0.31101.0
MinimumVisualStudioVersion = 10.0.40219.1
Project("{8BC9CEB8-8B4A-11D0-8D11-00A0C91BC942}") = "CountPrimes", "CountPrimes\CountPrimes.vcxproj", "{5F5EFEC4-B10B-4C08-9487-7412A77F5FA2}"
EndProject
Project("{8BC9CEB8-8B4A-11D0-8D11-00A0C91BC942}") = "IsomorphicStrings", "IsomorphicStrings\IsomorphicStrings.vcxproj", "{1663BF38-E730-46FC-8577-2B1A43240CED}"
EndProject
Project("{8BC9CEB8-8B4A-11D0-8D11-00A0C91BC942}") = "RemoveLinkedListElements", "RemoveLinkedListElements\RemoveLinkedListElements.vcxproj", "{05264AB6-C158-4CC5-B6B7-4A0A3B61A71D}"
EndProject
Project("{8BC9CEB8-8B4A-11D0-8D11-00A0C91BC942}") = "HappyNumber", "HappyNumber\HappyNumber.vcxproj", "{CA43DD72-3733-4411-9E4E-8CF4CC4B988A}"
EndProject
Project("{8BC9CEB8-8B4A-11D0-8D11-00A0C91BC942}") = "HouseRobber", "HouseRobber\HouseRobber.vcxproj", "{90D830B4-020D-418B-92EB-3E1DA14AD59A}"
EndProject
Project("{8BC9CEB8-8B4A-11D0-8D11-00A0C91BC942}") = "Numberof1Bits", "Numberof1Bits\Numberof1Bits.vcxproj", "{0AB76381-31F2-4772-A8AF-6620C598C417}"
EndProject
Project("{8BC9CEB8-8B4A-11D0-8D11-00A0C91BC942}") = "ReverseBits", "ReverseBits\ReverseBits.vcxproj", "{4C908BA4-EBCE-4C99-8318-BADE333DA146}"
EndProject
Project("{8BC9CEB8-8B4A-11D0-8D11-00A0C91BC942}") = "RotateArray", "RotateArray\RotateArray.vcxproj", "{10B6A2A0-A7E5-42C5-AA3E-03CB2D6ABEE9}"
EndProject
Project("{8BC9CEB8-8B4A-11D0-8D11-00A0C91BC942}") = "FactorialTrailingZeroes", "FactorialTrailingZeroes\FactorialTrailingZeroes.vcxproj", "{DC082808-8B99-409E-A46B-F1F79DEFCA8A}"
EndProject
Project("{8BC9CEB8-8B4A-11D0-8D11-00A0C91BC942}") = "ExcelSheetColumnNumber", "ExcelSheetColumnNumber\ExcelSheetColumnNumber.vcxproj", "{D4E1A9F3-92F8-4A3D-B5AB-A960AC0E5A1D}"
EndProject
Project("{8BC9CEB8-8B4A-11D0-8D11-00A0C91BC942}") = "MajorityElement", "MajorityElement\MajorityElement.vcxproj", "{EF4FAA42-1C7A-49FC-95BF-404926A9EEEE}"
EndProject
Project("{8BC9CEB8-8B4A-11D0-8D11-00A0C91BC942}") = "ExcelSheetColumnTitle", "ExcelSheetColumnTitle\ExcelSheetColumnTitle.vcxproj", "{2CE4D815-7F70-41C3-B200-D07E4A5AFF0B}"
EndProject
Project("{8BC9CEB8-8B4A-11D0-8D11-00A0C91BC942}") = "CompareVersionNumbers", "CompareVersionNumbers\CompareVersionNumbers.vcxproj", "{9CC65157-453E-40AB-A743-413EB7C26C3F}"
EndProject
Project("{8BC9CEB8-8B4A-11D0-8D11-00A0C91BC942}") = "IntersectionofTwoLinkedLists", "IntersectionofTwoLinkedLists\IntersectionofTwoLinkedLists.vcxproj", "{6229142D-4524-4FAE-9F1C-22EA8542D8D5}"
EndProject
Project("{8BC9CEB8-8B4A-11D0-8D11-00A0C91BC942}") = "MinStack", "MinStack\MinStack.vcxproj", "{4793F8DE-D030-47DC-B10E-8B1DA8AA8042}"
EndProject
Project("{8BC9CEB8-8B4A-11D0-8D11-00A0C91BC942}") = "PascalTriangle", "PascalTriangle\PascalTriangle.vcxproj", "{2342C498-74E1-48C2-89FE-4FD859C9A4F5}"
EndProject
Project("{8BC9CEB8-8B4A-11D0-8D11-00A0C91BC942}") = "PascalTriangleII", "PascalTriangleII\PascalTriangleII.vcxproj", "{F66D1097-44B0-471C-9059-1ECE7110BE44}"
EndProject
Project("{8BC9CEB8-8B4A-11D0-8D11-00A0C91BC942}") = "PathSum", "PathSum\PathSum.vcxproj", "{1516FA25-D336-4257-8987-67BB6C7F2869}"
EndProject
Project("{8BC9CEB8-8B4A-11D0-8D11-00A0C91BC942}") = "MinimumDepthofBinaryTree", "MinimumDepthofBinaryTree\MinimumDepthofBinaryTree.vcxproj", "{5FE93919-E35B-4E72-BE8B-F5103B59CF80}"
EndProject
Project("{8BC9CEB8-8B4A-11D0-8D11-00A0C91BC942}") = "BalancedBinaryTree", "BalancedBinaryTree\BalancedBinaryTree.vcxproj", "{A61791EC-24DB-40ED-AC19-5FBBCF2AEA67}"
EndProject
Project("{8BC9CEB8-8B4A-11D0-8D11-00A0C91BC942}") = "SymmetricTree", "SymmetricTree\SymmetricTree.vcxproj", "{ED9B3713-61AD-4F21-BD76-3F3850674DDA}"
EndProject
Project("{8BC9CEB8-8B4A-11D0-8D11-00A0C91BC942}") = "SameTree", "SameTree\SameTree.vcxproj", "{80BF75D9-797A-4B47-852C-280BA7419F1B}"
EndProject
Project("{8BC9CEB8-8B4A-11D0-8D11-00A0C91BC942}") = "MergeSortedArray", "MergeSortedArray\MergeSortedArray.vcxproj", "{D0A3E133-DDFE-4E2A-BA87-7E807A1813D6}"
EndProject
Project("{8BC9CEB8-8B4A-11D0-8D11-00A0C91BC942}") = "RemoveDuplicatesfromSortedList", "RemoveDuplicatesfromSortedList\RemoveDuplicatesfromSortedList.vcxproj", "{351C6DBF-99F7-49F9-84A5-E3420944DDEB}"
EndProject
Project("{8BC9CEB8-8B4A-11D0-8D11-00A0C91BC942}") = "ClimbingStairs", "ClimbingStairs\ClimbingStairs.vcxproj", "{C25548EF-DD5A-49D6-8350-9EA0779C0EE5}"
EndProject
Project("{8BC9CEB8-8B4A-11D0-8D11-00A0C91BC942}") = "AddBinary", "AddBinary\AddBinary.vcxproj", "{7F44E158-1A8F-493E-A97B-E49F750E0A0A}"
EndProject
Global
	GlobalSection(SolutionConfigurationPlatforms) = preSolution
		Debug|Mixed Platforms = Debug|Mixed Platforms
		Debug|Win32 = Debug|Win32
		Debug|x86 = Debug|x86
		Release|Mixed Platforms = Release|Mixed Platforms
		Release|Win32 = Release|Win32
		Release|x86 = Release|x86
	EndGlobalSection
	GlobalSection(ProjectConfigurationPlatforms) = postSolution
		{5F5EFEC4-B10B-4C08-9487-7412A77F5FA2}.Debug|Mixed Platforms.ActiveCfg = Debug|Win32
		{5F5EFEC4-B10B-4C08-9487-7412A77F5FA2}.Debug|Mixed Platforms.Build.0 = Debug|Win32
		{5F5EFEC4-B10B-4C08-9487-7412A77F5FA2}.Debug|Win32.ActiveCfg = Debug|Win32
		{5F5EFEC4-B10B-4C08-9487-7412A77F5FA2}.Debug|Win32.Build.0 = Debug|Win32
		{5F5EFEC4-B10B-4C08-9487-7412A77F5FA2}.Debug|x86.ActiveCfg = Debug|Win32
		{5F5EFEC4-B10B-4C08-9487-7412A77F5FA2}.Debug|x86.Build.0 = Debug|Win32
		{5F5EFEC4-B10B-4C08-9487-7412A77F5FA2}.Release|Mixed Platforms.ActiveCfg = Release|Win32
		{5F5EFEC4-B10B-4C08-9487-7412A77F5FA2}.Release|Mixed Platforms.Build.0 = Release|Win32
		{5F5EFEC4-B10B-4C08-9487-7412A77F5FA2}.Release|Win32.ActiveCfg = Release|Win32
		{5F5EFEC4-B10B-4C08-9487-7412A77F5FA2}.Release|Win32.Build.0 = Release|Win32
		{5F5EFEC4-B10B-4C08-9487-7412A77F5FA2}.Release|x86.ActiveCfg = Release|Win32
		{5F5EFEC4-B10B-4C08-9487-7412A77F5FA2}.Release|x86.Build.0 = Release|Win32
		{1663BF38-E730-46FC-8577-2B1A43240CED}.Debug|Mixed Platforms.ActiveCfg = Debug|Win32
		{1663BF38-E730-46FC-8577-2B1A43240CED}.Debug|Mixed Platforms.Build.0 = Debug|Win32
		{1663BF38-E730-46FC-8577-2B1A43240CED}.Debug|Win32.ActiveCfg = Debug|Win32
		{1663BF38-E730-46FC-8577-2B1A43240CED}.Debug|Win32.Build.0 = Debug|Win32
		{1663BF38-E730-46FC-8577-2B1A43240CED}.Debug|x86.ActiveCfg = Debug|Win32
		{1663BF38-E730-46FC-8577-2B1A43240CED}.Debug|x86.Build.0 = Debug|Win32
		{1663BF38-E730-46FC-8577-2B1A43240CED}.Release|Mixed Platforms.ActiveCfg = Release|Win32
		{1663BF38-E730-46FC-8577-2B1A43240CED}.Release|Mixed Platforms.Build.0 = Release|Win32
		{1663BF38-E730-46FC-8577-2B1A43240CED}.Release|Win32.ActiveCfg = Release|Win32
		{1663BF38-E730-46FC-8577-2B1A43240CED}.Release|Win32.Build.0 = Release|Win32
		{1663BF38-E730-46FC-8577-2B1A43240CED}.Release|x86.ActiveCfg = Release|Win32
		{1663BF38-E730-46FC-8577-2B1A43240CED}.Release|x86.Build.0 = Release|Win32
		{05264AB6-C158-4CC5-B6B7-4A0A3B61A71D}.Debug|Mixed Platforms.ActiveCfg = Debug|Win32
		{05264AB6-C158-4CC5-B6B7-4A0A3B61A71D}.Debug|Mixed Platforms.Build.0 = Debug|Win32
		{05264AB6-C158-4CC5-B6B7-4A0A3B61A71D}.Debug|Win32.ActiveCfg = Debug|Win32
		{05264AB6-C158-4CC5-B6B7-4A0A3B61A71D}.Debug|Win32.Build.0 = Debug|Win32
		{05264AB6-C158-4CC5-B6B7-4A0A3B61A71D}.Debug|x86.ActiveCfg = Debug|Win32
		{05264AB6-C158-4CC5-B6B7-4A0A3B61A71D}.Debug|x86.Build.0 = Debug|Win32
		{05264AB6-C158-4CC5-B6B7-4A0A3B61A71D}.Release|Mixed Platforms.ActiveCfg = Release|Win32
		{05264AB6-C158-4CC5-B6B7-4A0A3B61A71D}.Release|Mixed Platforms.Build.0 = Release|Win32
		{05264AB6-C158-4CC5-B6B7-4A0A3B61A71D}.Release|Win32.ActiveCfg = Release|Win32
		{05264AB6-C158-4CC5-B6B7-4A0A3B61A71D}.Release|Win32.Build.0 = Release|Win32
		{05264AB6-C158-4CC5-B6B7-4A0A3B61A71D}.Release|x86.ActiveCfg = Release|Win32
		{05264AB6-C158-4CC5-B6B7-4A0A3B61A71D}.Release|x86.Build.0 = Release|Win32
		{CA43DD72-3733-4411-9E4E-8CF4CC4B988A}.Debug|Mixed Platforms.ActiveCfg = Debug|Win32
		{CA43DD72-3733-4411-9E4E-8CF4CC4B988A}.Debug|Mixed Platforms.Build.0 = Debug|Win32
		{CA43DD72-3733-4411-9E4E-8CF4CC4B988A}.Debug|Win32.ActiveCfg = Debug|Win32
		{CA43DD72-3733-4411-9E4E-8CF4CC4B988A}.Debug|Win32.Build.0 = Debug|Win32
		{CA43DD72-3733-4411-9E4E-8CF4CC4B988A}.Debug|x86.ActiveCfg = Debug|Win32
		{CA43DD72-3733-4411-9E4E-8CF4CC4B988A}.Debug|x86.Build.0 = Debug|Win32
		{CA43DD72-3733-4411-9E4E-8CF4CC4B988A}.Release|Mixed Platforms.ActiveCfg = Release|Win32
		{CA43DD72-3733-4411-9E4E-8CF4CC4B988A}.Release|Mixed Platforms.Build.0 = Release|Win32
		{CA43DD72-3733-4411-9E4E-8CF4CC4B988A}.Release|Win32.ActiveCfg = Release|Win32
		{CA43DD72-3733-4411-9E4E-8CF4CC4B988A}.Release|Win32.Build.0 = Release|Win32
		{CA43DD72-3733-4411-9E4E-8CF4CC4B988A}.Release|x86.ActiveCfg = Release|Win32
		{CA43DD72-3733-4411-9E4E-8CF4CC4B988A}.Release|x86.Build.0 = Release|Win32
		{90D830B4-020D-418B-92EB-3E1DA14AD59A}.Debug|Mixed Platforms.ActiveCfg = Debug|Win32
		{90D830B4-020D-418B-92EB-3E1DA14AD59A}.Debug|Mixed Platforms.Build.0 = Debug|Win32
		{90D830B4-020D-418B-92EB-3E1DA14AD59A}.Debug|Win32.ActiveCfg = Debug|Win32
		{90D830B4-020D-418B-92EB-3E1DA14AD59A}.Debug|Win32.Build.0 = Debug|Win32
		{90D830B4-020D-418B-92EB-3E1DA14AD59A}.Debug|x86.ActiveCfg = Debug|Win32
		{90D830B4-020D-418B-92EB-3E1DA14AD59A}.Debug|x86.Build.0 = Debug|Win32
		{90D830B4-020D-418B-92EB-3E1DA14AD59A}.Release|Mixed Platforms.ActiveCfg = Release|Win32
		{90D830B4-020D-418B-92EB-3E1DA14AD59A}.Release|Mixed Platforms.Build.0 = Release|Win32
		{90D830B4-020D-418B-92EB-3E1DA14AD59A}.Release|Win32.ActiveCfg = Release|Win32
		{90D830B4-020D-418B-92EB-3E1DA14AD59A}.Release|Win32.Build.0 = Release|Win32
		{90D830B4-020D-418B-92EB-3E1DA14AD59A}.Release|x86.ActiveCfg = Release|Win32
		{90D830B4-020D-418B-92EB-3E1DA14AD59A}.Release|x86.Build.0 = Release|Win32
		{0AB76381-31F2-4772-A8AF-6620C598C417}.Debug|Mixed Platforms.ActiveCfg = Debug|Win32
		{0AB76381-31F2-4772-A8AF-6620C598C417}.Debug|Mixed Platforms.Build.0 = Debug|Win32
		{0AB76381-31F2-4772-A8AF-6620C598C417}.Debug|Win32.ActiveCfg = Debug|Win32
		{0AB76381-31F2-4772-A8AF-6620C598C417}.Debug|Win32.Build.0 = Debug|Win32
		{0AB76381-31F2-4772-A8AF-6620C598C417}.Debug|x86.ActiveCfg = Debug|Win32
		{0AB76381-31F2-4772-A8AF-6620C598C417}.Debug|x86.Build.0 = Debug|Win32
		{0AB76381-31F2-4772-A8AF-6620C598C417}.Release|Mixed Platforms.ActiveCfg = Release|Win32
		{0AB76381-31F2-4772-A8AF-6620C598C417}.Release|Mixed Platforms.Build.0 = Release|Win32
		{0AB76381-31F2-4772-A8AF-6620C598C417}.Release|Win32.ActiveCfg = Release|Win32
		{0AB76381-31F2-4772-A8AF-6620C598C417}.Release|Win32.Build.0 = Release|Win32
		{0AB76381-31F2-4772-A8AF-6620C598C417}.Release|x86.ActiveCfg = Release|Win32
		{0AB76381-31F2-4772-A8AF-6620C598C417}.Release|x86.Build.0 = Release|Win32
		{4C908BA4-EBCE-4C99-8318-BADE333DA146}.Debug|Mixed Platforms.ActiveCfg = Debug|Win32
		{4C908BA4-EBCE-4C99-8318-BADE333DA146}.Debug|Mixed Platforms.Build.0 = Debug|Win32
		{4C908BA4-EBCE-4C99-8318-BADE333DA146}.Debug|Win32.ActiveCfg = Debug|Win32
		{4C908BA4-EBCE-4C99-8318-BADE333DA146}.Debug|Win32.Build.0 = Debug|Win32
		{4C908BA4-EBCE-4C99-8318-BADE333DA146}.Debug|x86.ActiveCfg = Debug|Win32
		{4C908BA4-EBCE-4C99-8318-BADE333DA146}.Debug|x86.Build.0 = Debug|Win32
		{4C908BA4-EBCE-4C99-8318-BADE333DA146}.Release|Mixed Platforms.ActiveCfg = Release|Win32
		{4C908BA4-EBCE-4C99-8318-BADE333DA146}.Release|Mixed Platforms.Build.0 = Release|Win32
		{4C908BA4-EBCE-4C99-8318-BADE333DA146}.Release|Win32.ActiveCfg = Release|Win32
		{4C908BA4-EBCE-4C99-8318-BADE333DA146}.Release|Win32.Build.0 = Release|Win32
		{4C908BA4-EBCE-4C99-8318-BADE333DA146}.Release|x86.ActiveCfg = Release|Win32
		{4C908BA4-EBCE-4C99-8318-BADE333DA146}.Release|x86.Build.0 = Release|Win32
		{10B6A2A0-A7E5-42C5-AA3E-03CB2D6ABEE9}.Debug|Mixed Platforms.ActiveCfg = Debug|Win32
		{10B6A2A0-A7E5-42C5-AA3E-03CB2D6ABEE9}.Debug|Mixed Platforms.Build.0 = Debug|Win32
		{10B6A2A0-A7E5-42C5-AA3E-03CB2D6ABEE9}.Debug|Win32.ActiveCfg = Debug|Win32
		{10B6A2A0-A7E5-42C5-AA3E-03CB2D6ABEE9}.Debug|Win32.Build.0 = Debug|Win32
		{10B6A2A0-A7E5-42C5-AA3E-03CB2D6ABEE9}.Debug|x86.ActiveCfg = Debug|Win32
		{10B6A2A0-A7E5-42C5-AA3E-03CB2D6ABEE9}.Debug|x86.Build.0 = Debug|Win32
		{10B6A2A0-A7E5-42C5-AA3E-03CB2D6ABEE9}.Release|Mixed Platforms.ActiveCfg = Release|Win32
		{10B6A2A0-A7E5-42C5-AA3E-03CB2D6ABEE9}.Release|Mixed Platforms.Build.0 = Release|Win32
		{10B6A2A0-A7E5-42C5-AA3E-03CB2D6ABEE9}.Release|Win32.ActiveCfg = Release|Win32
		{10B6A2A0-A7E5-42C5-AA3E-03CB2D6ABEE9}.Release|Win32.Build.0 = Release|Win32
		{10B6A2A0-A7E5-42C5-AA3E-03CB2D6ABEE9}.Release|x86.ActiveCfg = Release|Win32
		{10B6A2A0-A7E5-42C5-AA3E-03CB2D6ABEE9}.Release|x86.Build.0 = Release|Win32
		{DC082808-8B99-409E-A46B-F1F79DEFCA8A}.Debug|Mixed Platforms.ActiveCfg = Debug|Win32
		{DC082808-8B99-409E-A46B-F1F79DEFCA8A}.Debug|Mixed Platforms.Build.0 = Debug|Win32
		{DC082808-8B99-409E-A46B-F1F79DEFCA8A}.Debug|Win32.ActiveCfg = Debug|Win32
		{DC082808-8B99-409E-A46B-F1F79DEFCA8A}.Debug|Win32.Build.0 = Debug|Win32
		{DC082808-8B99-409E-A46B-F1F79DEFCA8A}.Debug|x86.ActiveCfg = Debug|Win32
		{DC082808-8B99-409E-A46B-F1F79DEFCA8A}.Debug|x86.Build.0 = Debug|Win32
		{DC082808-8B99-409E-A46B-F1F79DEFCA8A}.Release|Mixed Platforms.ActiveCfg = Release|Win32
		{DC082808-8B99-409E-A46B-F1F79DEFCA8A}.Release|Mixed Platforms.Build.0 = Release|Win32
		{DC082808-8B99-409E-A46B-F1F79DEFCA8A}.Release|Win32.ActiveCfg = Release|Win32
		{DC082808-8B99-409E-A46B-F1F79DEFCA8A}.Release|Win32.Build.0 = Release|Win32
		{DC082808-8B99-409E-A46B-F1F79DEFCA8A}.Release|x86.ActiveCfg = Release|Win32
		{DC082808-8B99-409E-A46B-F1F79DEFCA8A}.Release|x86.Build.0 = Release|Win32
		{D4E1A9F3-92F8-4A3D-B5AB-A960AC0E5A1D}.Debug|Mixed Platforms.ActiveCfg = Debug|Win32
		{D4E1A9F3-92F8-4A3D-B5AB-A960AC0E5A1D}.Debug|Mixed Platforms.Build.0 = Debug|Win32
		{D4E1A9F3-92F8-4A3D-B5AB-A960AC0E5A1D}.Debug|Win32.ActiveCfg = Debug|Win32
		{D4E1A9F3-92F8-4A3D-B5AB-A960AC0E5A1D}.Debug|Win32.Build.0 = Debug|Win32
		{D4E1A9F3-92F8-4A3D-B5AB-A960AC0E5A1D}.Debug|x86.ActiveCfg = Debug|Win32
		{D4E1A9F3-92F8-4A3D-B5AB-A960AC0E5A1D}.Debug|x86.Build.0 = Debug|Win32
		{D4E1A9F3-92F8-4A3D-B5AB-A960AC0E5A1D}.Release|Mixed Platforms.ActiveCfg = Release|Win32
		{D4E1A9F3-92F8-4A3D-B5AB-A960AC0E5A1D}.Release|Mixed Platforms.Build.0 = Release|Win32
		{D4E1A9F3-92F8-4A3D-B5AB-A960AC0E5A1D}.Release|Win32.ActiveCfg = Release|Win32
		{D4E1A9F3-92F8-4A3D-B5AB-A960AC0E5A1D}.Release|Win32.Build.0 = Release|Win32
		{D4E1A9F3-92F8-4A3D-B5AB-A960AC0E5A1D}.Release|x86.ActiveCfg = Release|Win32
		{D4E1A9F3-92F8-4A3D-B5AB-A960AC0E5A1D}.Release|x86.Build.0 = Release|Win32
		{EF4FAA42-1C7A-49FC-95BF-404926A9EEEE}.Debug|Mixed Platforms.ActiveCfg = Debug|Win32
		{EF4FAA42-1C7A-49FC-95BF-404926A9EEEE}.Debug|Mixed Platforms.Build.0 = Debug|Win32
		{EF4FAA42-1C7A-49FC-95BF-404926A9EEEE}.Debug|Win32.ActiveCfg = Debug|Win32
		{EF4FAA42-1C7A-49FC-95BF-404926A9EEEE}.Debug|Win32.Build.0 = Debug|Win32
		{EF4FAA42-1C7A-49FC-95BF-404926A9EEEE}.Debug|x86.ActiveCfg = Debug|Win32
		{EF4FAA42-1C7A-49FC-95BF-404926A9EEEE}.Debug|x86.Build.0 = Debug|Win32
		{EF4FAA42-1C7A-49FC-95BF-404926A9EEEE}.Release|Mixed Platforms.ActiveCfg = Release|Win32
		{EF4FAA42-1C7A-49FC-95BF-404926A9EEEE}.Release|Mixed Platforms.Build.0 = Release|Win32
		{EF4FAA42-1C7A-49FC-95BF-404926A9EEEE}.Release|Win32.ActiveCfg = Release|Win32
		{EF4FAA42-1C7A-49FC-95BF-404926A9EEEE}.Release|Win32.Build.0 = Release|Win32
		{EF4FAA42-1C7A-49FC-95BF-404926A9EEEE}.Release|x86.ActiveCfg = Release|Win32
		{EF4FAA42-1C7A-49FC-95BF-404926A9EEEE}.Release|x86.Build.0 = Release|Win32
		{2CE4D815-7F70-41C3-B200-D07E4A5AFF0B}.Debug|Mixed Platforms.ActiveCfg = Debug|Win32
		{2CE4D815-7F70-41C3-B200-D07E4A5AFF0B}.Debug|Mixed Platforms.Build.0 = Debug|Win32
		{2CE4D815-7F70-41C3-B200-D07E4A5AFF0B}.Debug|Win32.ActiveCfg = Debug|Win32
		{2CE4D815-7F70-41C3-B200-D07E4A5AFF0B}.Debug|Win32.Build.0 = Debug|Win32
		{2CE4D815-7F70-41C3-B200-D07E4A5AFF0B}.Debug|x86.ActiveCfg = Debug|Win32
		{2CE4D815-7F70-41C3-B200-D07E4A5AFF0B}.Debug|x86.Build.0 = Debug|Win32
		{2CE4D815-7F70-41C3-B200-D07E4A5AFF0B}.Release|Mixed Platforms.ActiveCfg = Release|Win32
		{2CE4D815-7F70-41C3-B200-D07E4A5AFF0B}.Release|Mixed Platforms.Build.0 = Release|Win32
		{2CE4D815-7F70-41C3-B200-D07E4A5AFF0B}.Release|Win32.ActiveCfg = Release|Win32
		{2CE4D815-7F70-41C3-B200-D07E4A5AFF0B}.Release|Win32.Build.0 = Release|Win32
		{2CE4D815-7F70-41C3-B200-D07E4A5AFF0B}.Release|x86.ActiveCfg = Release|Win32
		{2CE4D815-7F70-41C3-B200-D07E4A5AFF0B}.Release|x86.Build.0 = Release|Win32
		{9CC65157-453E-40AB-A743-413EB7C26C3F}.Debug|Mixed Platforms.ActiveCfg = Debug|Win32
		{9CC65157-453E-40AB-A743-413EB7C26C3F}.Debug|Mixed Platforms.Build.0 = Debug|Win32
		{9CC65157-453E-40AB-A743-413EB7C26C3F}.Debug|Win32.ActiveCfg = Debug|Win32
		{9CC65157-453E-40AB-A743-413EB7C26C3F}.Debug|Win32.Build.0 = Debug|Win32
		{9CC65157-453E-40AB-A743-413EB7C26C3F}.Debug|x86.ActiveCfg = Debug|Win32
		{9CC65157-453E-40AB-A743-413EB7C26C3F}.Debug|x86.Build.0 = Debug|Win32
		{9CC65157-453E-40AB-A743-413EB7C26C3F}.Release|Mixed Platforms.ActiveCfg = Release|Win32
		{9CC65157-453E-40AB-A743-413EB7C26C3F}.Release|Mixed Platforms.Build.0 = Release|Win32
		{9CC65157-453E-40AB-A743-413EB7C26C3F}.Release|Win32.ActiveCfg = Release|Win32
		{9CC65157-453E-40AB-A743-413EB7C26C3F}.Release|Win32.Build.0 = Release|Win32
		{9CC65157-453E-40AB-A743-413EB7C26C3F}.Release|x86.ActiveCfg = Release|Win32
		{9CC65157-453E-40AB-A743-413EB7C26C3F}.Release|x86.Build.0 = Release|Win32
		{6229142D-4524-4FAE-9F1C-22EA8542D8D5}.Debug|Mixed Platforms.ActiveCfg = Debug|Win32
		{6229142D-4524-4FAE-9F1C-22EA8542D8D5}.Debug|Mixed Platforms.Build.0 = Debug|Win32
		{6229142D-4524-4FAE-9F1C-22EA8542D8D5}.Debug|Win32.ActiveCfg = Debug|Win32
		{6229142D-4524-4FAE-9F1C-22EA8542D8D5}.Debug|Win32.Build.0 = Debug|Win32
		{6229142D-4524-4FAE-9F1C-22EA8542D8D5}.Debug|x86.ActiveCfg = Debug|Win32
		{6229142D-4524-4FAE-9F1C-22EA8542D8D5}.Debug|x86.Build.0 = Debug|Win32
		{6229142D-4524-4FAE-9F1C-22EA8542D8D5}.Release|Mixed Platforms.ActiveCfg = Release|Win32
		{6229142D-4524-4FAE-9F1C-22EA8542D8D5}.Release|Mixed Platforms.Build.0 = Release|Win32
		{6229142D-4524-4FAE-9F1C-22EA8542D8D5}.Release|Win32.ActiveCfg = Release|Win32
		{6229142D-4524-4FAE-9F1C-22EA8542D8D5}.Release|Win32.Build.0 = Release|Win32
		{6229142D-4524-4FAE-9F1C-22EA8542D8D5}.Release|x86.ActiveCfg = Release|Win32
		{6229142D-4524-4FAE-9F1C-22EA8542D8D5}.Release|x86.Build.0 = Release|Win32
		{4793F8DE-D030-47DC-B10E-8B1DA8AA8042}.Debug|Mixed Platforms.ActiveCfg = Debug|Win32
		{4793F8DE-D030-47DC-B10E-8B1DA8AA8042}.Debug|Mixed Platforms.Build.0 = Debug|Win32
		{4793F8DE-D030-47DC-B10E-8B1DA8AA8042}.Debug|Win32.ActiveCfg = Debug|Win32
		{4793F8DE-D030-47DC-B10E-8B1DA8AA8042}.Debug|Win32.Build.0 = Debug|Win32
		{4793F8DE-D030-47DC-B10E-8B1DA8AA8042}.Debug|x86.ActiveCfg = Debug|Win32
		{4793F8DE-D030-47DC-B10E-8B1DA8AA8042}.Debug|x86.Build.0 = Debug|Win32
		{4793F8DE-D030-47DC-B10E-8B1DA8AA8042}.Release|Mixed Platforms.ActiveCfg = Release|Win32
		{4793F8DE-D030-47DC-B10E-8B1DA8AA8042}.Release|Mixed Platforms.Build.0 = Release|Win32
		{4793F8DE-D030-47DC-B10E-8B1DA8AA8042}.Release|Win32.ActiveCfg = Release|Win32
		{4793F8DE-D030-47DC-B10E-8B1DA8AA8042}.Release|Win32.Build.0 = Release|Win32
		{4793F8DE-D030-47DC-B10E-8B1DA8AA8042}.Release|x86.ActiveCfg = Release|Win32
		{4793F8DE-D030-47DC-B10E-8B1DA8AA8042}.Release|x86.Build.0 = Release|Win32
		{2342C498-74E1-48C2-89FE-4FD859C9A4F5}.Debug|Mixed Platforms.ActiveCfg = Debug|Win32
		{2342C498-74E1-48C2-89FE-4FD859C9A4F5}.Debug|Mixed Platforms.Build.0 = Debug|Win32
		{2342C498-74E1-48C2-89FE-4FD859C9A4F5}.Debug|Win32.ActiveCfg = Debug|Win32
		{2342C498-74E1-48C2-89FE-4FD859C9A4F5}.Debug|Win32.Build.0 = Debug|Win32
		{2342C498-74E1-48C2-89FE-4FD859C9A4F5}.Debug|x86.ActiveCfg = Debug|Win32
		{2342C498-74E1-48C2-89FE-4FD859C9A4F5}.Debug|x86.Build.0 = Debug|Win32
		{2342C498-74E1-48C2-89FE-4FD859C9A4F5}.Release|Mixed Platforms.ActiveCfg = Release|Win32
		{2342C498-74E1-48C2-89FE-4FD859C9A4F5}.Release|Mixed Platforms.Build.0 = Release|Win32
		{2342C498-74E1-48C2-89FE-4FD859C9A4F5}.Release|Win32.ActiveCfg = Release|Win32
		{2342C498-74E1-48C2-89FE-4FD859C9A4F5}.Release|Win32.Build.0 = Release|Win32
		{2342C498-74E1-48C2-89FE-4FD859C9A4F5}.Release|x86.ActiveCfg = Release|Win32
		{2342C498-74E1-48C2-89FE-4FD859C9A4F5}.Release|x86.Build.0 = Release|Win32
		{F66D1097-44B0-471C-9059-1ECE7110BE44}.Debug|Mixed Platforms.ActiveCfg = Debug|Win32
		{F66D1097-44B0-471C-9059-1ECE7110BE44}.Debug|Mixed Platforms.Build.0 = Debug|Win32
		{F66D1097-44B0-471C-9059-1ECE7110BE44}.Debug|Win32.ActiveCfg = Debug|Win32
		{F66D1097-44B0-471C-9059-1ECE7110BE44}.Debug|Win32.Build.0 = Debug|Win32
		{F66D1097-44B0-471C-9059-1ECE7110BE44}.Debug|x86.ActiveCfg = Debug|Win32
		{F66D1097-44B0-471C-9059-1ECE7110BE44}.Debug|x86.Build.0 = Debug|Win32
		{F66D1097-44B0-471C-9059-1ECE7110BE44}.Release|Mixed Platforms.ActiveCfg = Release|Win32
		{F66D1097-44B0-471C-9059-1ECE7110BE44}.Release|Mixed Platforms.Build.0 = Release|Win32
		{F66D1097-44B0-471C-9059-1ECE7110BE44}.Release|Win32.ActiveCfg = Release|Win32
		{F66D1097-44B0-471C-9059-1ECE7110BE44}.Release|Win32.Build.0 = Release|Win32
		{F66D1097-44B0-471C-9059-1ECE7110BE44}.Release|x86.ActiveCfg = Release|Win32
		{F66D1097-44B0-471C-9059-1ECE7110BE44}.Release|x86.Build.0 = Release|Win32
		{1516FA25-D336-4257-8987-67BB6C7F2869}.Debug|Mixed Platforms.ActiveCfg = Debug|Win32
		{1516FA25-D336-4257-8987-67BB6C7F2869}.Debug|Mixed Platforms.Build.0 = Debug|Win32
		{1516FA25-D336-4257-8987-67BB6C7F2869}.Debug|Win32.ActiveCfg = Debug|Win32
		{1516FA25-D336-4257-8987-67BB6C7F2869}.Debug|Win32.Build.0 = Debug|Win32
		{1516FA25-D336-4257-8987-67BB6C7F2869}.Debug|x86.ActiveCfg = Debug|Win32
		{1516FA25-D336-4257-8987-67BB6C7F2869}.Debug|x86.Build.0 = Debug|Win32
		{1516FA25-D336-4257-8987-67BB6C7F2869}.Release|Mixed Platforms.ActiveCfg = Release|Win32
		{1516FA25-D336-4257-8987-67BB6C7F2869}.Release|Mixed Platforms.Build.0 = Release|Win32
		{1516FA25-D336-4257-8987-67BB6C7F2869}.Release|Win32.ActiveCfg = Release|Win32
		{1516FA25-D336-4257-8987-67BB6C7F2869}.Release|Win32.Build.0 = Release|Win32
		{1516FA25-D336-4257-8987-67BB6C7F2869}.Release|x86.ActiveCfg = Release|Win32
		{1516FA25-D336-4257-8987-67BB6C7F2869}.Release|x86.Build.0 = Release|Win32
		{5FE93919-E35B-4E72-BE8B-F5103B59CF80}.Debug|Mixed Platforms.ActiveCfg = Debug|Win32
		{5FE93919-E35B-4E72-BE8B-F5103B59CF80}.Debug|Mixed Platforms.Build.0 = Debug|Win32
		{5FE93919-E35B-4E72-BE8B-F5103B59CF80}.Debug|Win32.ActiveCfg = Debug|Win32
		{5FE93919-E35B-4E72-BE8B-F5103B59CF80}.Debug|Win32.Build.0 = Debug|Win32
		{5FE93919-E35B-4E72-BE8B-F5103B59CF80}.Debug|x86.ActiveCfg = Debug|Win32
		{5FE93919-E35B-4E72-BE8B-F5103B59CF80}.Debug|x86.Build.0 = Debug|Win32
		{5FE93919-E35B-4E72-BE8B-F5103B59CF80}.Release|Mixed Platforms.ActiveCfg = Release|Win32
		{5FE93919-E35B-4E72-BE8B-F5103B59CF80}.Release|Mixed Platforms.Build.0 = Release|Win32
		{5FE93919-E35B-4E72-BE8B-F5103B59CF80}.Release|Win32.ActiveCfg = Release|Win32
		{5FE93919-E35B-4E72-BE8B-F5103B59CF80}.Release|Win32.Build.0 = Release|Win32
		{5FE93919-E35B-4E72-BE8B-F5103B59CF80}.Release|x86.ActiveCfg = Release|Win32
		{5FE93919-E35B-4E72-BE8B-F5103B59CF80}.Release|x86.Build.0 = Release|Win32
		{A61791EC-24DB-40ED-AC19-5FBBCF2AEA67}.Debug|Mixed Platforms.ActiveCfg = Debug|Win32
		{A61791EC-24DB-40ED-AC19-5FBBCF2AEA67}.Debug|Mixed Platforms.Build.0 = Debug|Win32
		{A61791EC-24DB-40ED-AC19-5FBBCF2AEA67}.Debug|Win32.ActiveCfg = Debug|Win32
		{A61791EC-24DB-40ED-AC19-5FBBCF2AEA67}.Debug|Win32.Build.0 = Debug|Win32
		{A61791EC-24DB-40ED-AC19-5FBBCF2AEA67}.Debug|x86.ActiveCfg = Debug|Win32
		{A61791EC-24DB-40ED-AC19-5FBBCF2AEA67}.Debug|x86.Build.0 = Debug|Win32
		{A61791EC-24DB-40ED-AC19-5FBBCF2AEA67}.Release|Mixed Platforms.ActiveCfg = Release|Win32
		{A61791EC-24DB-40ED-AC19-5FBBCF2AEA67}.Release|Mixed Platforms.Build.0 = Release|Win32
		{A61791EC-24DB-40ED-AC19-5FBBCF2AEA67}.Release|Win32.ActiveCfg = Release|Win32
		{A61791EC-24DB-40ED-AC19-5FBBCF2AEA67}.Release|Win32.Build.0 = Release|Win32
		{A61791EC-24DB-40ED-AC19-5FBBCF2AEA67}.Release|x86.ActiveCfg = Release|Win32
		{A61791EC-24DB-40ED-AC19-5FBBCF2AEA67}.Release|x86.Build.0 = Release|Win32
		{ED9B3713-61AD-4F21-BD76-3F3850674DDA}.Debug|Mixed Platforms.ActiveCfg = Debug|Win32
		{ED9B3713-61AD-4F21-BD76-3F3850674DDA}.Debug|Mixed Platforms.Build.0 = Debug|Win32
		{ED9B3713-61AD-4F21-BD76-3F3850674DDA}.Debug|Win32.ActiveCfg = Debug|Win32
		{ED9B3713-61AD-4F21-BD76-3F3850674DDA}.Debug|Win32.Build.0 = Debug|Win32
		{ED9B3713-61AD-4F21-BD76-3F3850674DDA}.Debug|x86.ActiveCfg = Debug|Win32
		{ED9B3713-61AD-4F21-BD76-3F3850674DDA}.Debug|x86.Build.0 = Debug|Win32
		{ED9B3713-61AD-4F21-BD76-3F3850674DDA}.Release|Mixed Platforms.ActiveCfg = Release|Win32
		{ED9B3713-61AD-4F21-BD76-3F3850674DDA}.Release|Mixed Platforms.Build.0 = Release|Win32
		{ED9B3713-61AD-4F21-BD76-3F3850674DDA}.Release|Win32.ActiveCfg = Release|Win32
		{ED9B3713-61AD-4F21-BD76-3F3850674DDA}.Release|Win32.Build.0 = Release|Win32
		{ED9B3713-61AD-4F21-BD76-3F3850674DDA}.Release|x86.ActiveCfg = Release|Win32
		{ED9B3713-61AD-4F21-BD76-3F3850674DDA}.Release|x86.Build.0 = Release|Win32
		{80BF75D9-797A-4B47-852C-280BA7419F1B}.Debug|Mixed Platforms.ActiveCfg = Debug|Win32
		{80BF75D9-797A-4B47-852C-280BA7419F1B}.Debug|Mixed Platforms.Build.0 = Debug|Win32
		{80BF75D9-797A-4B47-852C-280BA7419F1B}.Debug|Win32.ActiveCfg = Debug|Win32
		{80BF75D9-797A-4B47-852C-280BA7419F1B}.Debug|Win32.Build.0 = Debug|Win32
		{80BF75D9-797A-4B47-852C-280BA7419F1B}.Debug|x86.ActiveCfg = Debug|Win32
		{80BF75D9-797A-4B47-852C-280BA7419F1B}.Debug|x86.Build.0 = Debug|Win32
		{80BF75D9-797A-4B47-852C-280BA7419F1B}.Release|Mixed Platforms.ActiveCfg = Release|Win32
		{80BF75D9-797A-4B47-852C-280BA7419F1B}.Release|Mixed Platforms.Build.0 = Release|Win32
		{80BF75D9-797A-4B47-852C-280BA7419F1B}.Release|Win32.ActiveCfg = Release|Win32
		{80BF75D9-797A-4B47-852C-280BA7419F1B}.Release|Win32.Build.0 = Release|Win32
		{80BF75D9-797A-4B47-852C-280BA7419F1B}.Release|x86.ActiveCfg = Release|Win32
		{80BF75D9-797A-4B47-852C-280BA7419F1B}.Release|x86.Build.0 = Release|Win32
		{D0A3E133-DDFE-4E2A-BA87-7E807A1813D6}.Debug|Mixed Platforms.ActiveCfg = Debug|Win32
		{D0A3E133-DDFE-4E2A-BA87-7E807A1813D6}.Debug|Mixed Platforms.Build.0 = Debug|Win32
		{D0A3E133-DDFE-4E2A-BA87-7E807A1813D6}.Debug|Win32.ActiveCfg = Debug|Win32
		{D0A3E133-DDFE-4E2A-BA87-7E807A1813D6}.Debug|Win32.Build.0 = Debug|Win32
		{D0A3E133-DDFE-4E2A-BA87-7E807A1813D6}.Debug|x86.ActiveCfg = Debug|Win32
		{D0A3E133-DDFE-4E2A-BA87-7E807A1813D6}.Debug|x86.Build.0 = Debug|Win32
		{D0A3E133-DDFE-4E2A-BA87-7E807A1813D6}.Release|Mixed Platforms.ActiveCfg = Release|Win32
		{D0A3E133-DDFE-4E2A-BA87-7E807A1813D6}.Release|Mixed Platforms.Build.0 = Release|Win32
		{D0A3E133-DDFE-4E2A-BA87-7E807A1813D6}.Release|Win32.ActiveCfg = Release|Win32
		{D0A3E133-DDFE-4E2A-BA87-7E807A1813D6}.Release|Win32.Build.0 = Release|Win32
		{D0A3E133-DDFE-4E2A-BA87-7E807A1813D6}.Release|x86.ActiveCfg = Release|Win32
		{D0A3E133-DDFE-4E2A-BA87-7E807A1813D6}.Release|x86.Build.0 = Release|Win32
		{351C6DBF-99F7-49F9-84A5-E3420944DDEB}.Debug|Mixed Platforms.ActiveCfg = Debug|Win32
		{351C6DBF-99F7-49F9-84A5-E3420944DDEB}.Debug|Mixed Platforms.Build.0 = Debug|Win32
		{351C6DBF-99F7-49F9-84A5-E3420944DDEB}.Debug|Win32.ActiveCfg = Debug|Win32
		{351C6DBF-99F7-49F9-84A5-E3420944DDEB}.Debug|Win32.Build.0 = Debug|Win32
		{351C6DBF-99F7-49F9-84A5-E3420944DDEB}.Debug|x86.ActiveCfg = Debug|Win32
		{351C6DBF-99F7-49F9-84A5-E3420944DDEB}.Debug|x86.Build.0 = Debug|Win32
		{351C6DBF-99F7-49F9-84A5-E3420944DDEB}.Release|Mixed Platforms.ActiveCfg = Release|Win32
		{351C6DBF-99F7-49F9-84A5-E3420944DDEB}.Release|Mixed Platforms.Build.0 = Release|Win32
		{351C6DBF-99F7-49F9-84A5-E3420944DDEB}.Release|Win32.ActiveCfg = Release|Win32
		{351C6DBF-99F7-49F9-84A5-E3420944DDEB}.Release|Win32.Build.0 = Release|Win32
		{351C6DBF-99F7-49F9-84A5-E3420944DDEB}.Release|x86.ActiveCfg = Release|Win32
		{351C6DBF-99F7-49F9-84A5-E3420944DDEB}.Release|x86.Build.0 = Release|Win32
		{C25548EF-DD5A-49D6-8350-9EA0779C0EE5}.Debug|Mixed Platforms.ActiveCfg = Debug|Win32
		{C25548EF-DD5A-49D6-8350-9EA0779C0EE5}.Debug|Mixed Platforms.Build.0 = Debug|Win32
		{C25548EF-DD5A-49D6-8350-9EA0779C0EE5}.Debug|Win32.ActiveCfg = Debug|Win32
		{C25548EF-DD5A-49D6-8350-9EA0779C0EE5}.Debug|Win32.Build.0 = Debug|Win32
		{C25548EF-DD5A-49D6-8350-9EA0779C0EE5}.Debug|x86.ActiveCfg = Debug|Win32
		{C25548EF-DD5A-49D6-8350-9EA0779C0EE5}.Debug|x86.Build.0 = Debug|Win32
		{C25548EF-DD5A-49D6-8350-9EA0779C0EE5}.Release|Mixed Platforms.ActiveCfg = Release|Win32
		{C25548EF-DD5A-49D6-8350-9EA0779C0EE5}.Release|Mixed Platforms.Build.0 = Release|Win32
		{C25548EF-DD5A-49D6-8350-9EA0779C0EE5}.Release|Win32.ActiveCfg = Release|Win32
		{C25548EF-DD5A-49D6-8350-9EA0779C0EE5}.Release|Win32.Build.0 = Release|Win32
		{C25548EF-DD5A-49D6-8350-9EA0779C0EE5}.Release|x86.ActiveCfg = Release|Win32
		{C25548EF-DD5A-49D6-8350-9EA0779C0EE5}.Release|x86.Build.0 = Release|Win32
		{7F44E158-1A8F-493E-A97B-E49F750E0A0A}.Debug|Mixed Platforms.ActiveCfg = Debug|Win32
		{7F44E158-1A8F-493E-A97B-E49F750E0A0A}.Debug|Mixed Platforms.Build.0 = Debug|Win32
		{7F44E158-1A8F-493E-A97B-E49F750E0A0A}.Debug|Win32.ActiveCfg = Debug|Win32
		{7F44E158-1A8F-493E-A97B-E49F750E0A0A}.Debug|Win32.Build.0 = Debug|Win32
		{7F44E158-1A8F-493E-A97B-E49F750E0A0A}.Debug|x86.ActiveCfg = Debug|Win32
		{7F44E158-1A8F-493E-A97B-E49F750E0A0A}.Debug|x86.Build.0 = Debug|Win32
		{7F44E158-1A8F-493E-A97B-E49F750E0A0A}.Release|Mixed Platforms.ActiveCfg = Release|Win32
		{7F44E158-1A8F-493E-A97B-E49F750E0A0A}.Release|Mixed Platforms.Build.0 = Release|Win32
		{7F44E158-1A8F-493E-A97B-E49F750E0A0A}.Release|Win32.ActiveCfg = Release|Win32
		{7F44E158-1A8F-493E-A97B-E49F750E0A0A}.Release|Win32.Build.0 = Release|Win32
		{7F44E158-1A8F-493E-A97B-E49F750E0A0A}.Release|x86.ActiveCfg = Release|Win32
		{7F44E158-1A8F-493E-A97B-E49F750E0A0A}.Release|x86.Build.0 = Release|Win32
	EndGlobalSection
	GlobalSection(SolutionProperties) = preSolution
		HideSolutionNode = FALSE
	EndGlobalSection
EndGlobal
